
Microsoft Visual Studio Solution File, Format Version 12.00
# Visual Studio Version 16
VisualStudioVersion = 16.0.32630.194
MinimumVisualStudioVersion = 10.0.40219.1
Project("{8BC9CEB8-8B4A-11D0-8D11-00A0C91BC942}") = "Server", "Server\Server.vcxproj", "{F9AFFDD2-80A1-48EB-87A0-26F3F70C9CB2}"
EndProject
Project("{FAE04EC0-301F-11D3-BF4B-00C04F79EFBC}") = "Client", "Client\Client.csproj", "{9192A57C-F3AA-43E9-AE00-CF9B95244DAA}"
	ProjectSection(ProjectDependencies) = postProject
		{5594EEED-5508-4DB6-9E41-5B7C38BD911E} = {5594EEED-5508-4DB6-9E41-5B7C38BD911E}
	EndProjectSection
EndProject
Project("{8BC9CEB8-8B4A-11D0-8D11-00A0C91BC942}") = "ClientDLL", "ClientDLL\ClientDLL.vcxproj", "{5594EEED-5508-4DB6-9E41-5B7C38BD911E}"
EndProject
Global
	GlobalSection(SolutionConfigurationPlatforms) = preSolution
		Debug|Any CPU = Debug|Any CPU
		Debug|x64 = Debug|x64
		Debug|x86 = Debug|x86
		Release|Any CPU = Release|Any CPU
		Release|x64 = Release|x64
		Release|x86 = Release|x86
	EndGlobalSection
	GlobalSection(ProjectConfigurationPlatforms) = postSolution
		{F9AFFDD2-80A1-48EB-87A0-26F3F70C9CB2}.Debug|Any CPU.ActiveCfg = Debug|Win32
		{F9AFFDD2-80A1-48EB-87A0-26F3F70C9CB2}.Debug|x64.ActiveCfg = Debug|x64
		{F9AFFDD2-80A1-48EB-87A0-26F3F70C9CB2}.Debug|x64.Build.0 = Debug|x64
		{F9AFFDD2-80A1-48EB-87A0-26F3F70C9CB2}.Debug|x86.ActiveCfg = Debug|Win32
		{F9AFFDD2-80A1-48EB-87A0-26F3F70C9CB2}.Debug|x86.Build.0 = Debug|Win32
		{F9AFFDD2-80A1-48EB-87A0-26F3F70C9CB2}.Release|Any CPU.ActiveCfg = Release|Win32
		{F9AFFDD2-80A1-48EB-87A0-26F3F70C9CB2}.Release|x64.ActiveCfg = Release|x64
		{F9AFFDD2-80A1-48EB-87A0-26F3F70C9CB2}.Release|x64.Build.0 = Release|x64
		{F9AFFDD2-80A1-48EB-87A0-26F3F70C9CB2}.Release|x86.ActiveCfg = Release|Win32
		{F9AFFDD2-80A1-48EB-87A0-26F3F70C9CB2}.Release|x86.Build.0 = Release|Win32
		{9192A57C-F3AA-43E9-AE00-CF9B95244DAA}.Debug|Any CPU.ActiveCfg = Debug|Any CPU
		{9192A57C-F3AA-43E9-AE00-CF9B95244DAA}.Debug|Any CPU.Build.0 = Debug|Any CPU
		{9192A57C-F3AA-43E9-AE00-CF9B95244DAA}.Debug|x64.ActiveCfg = Debug|Any CPU
		{9192A57C-F3AA-43E9-AE00-CF9B95244DAA}.Debug|x64.Build.0 = Debug|Any CPU
		{9192A57C-F3AA-43E9-AE00-CF9B95244DAA}.Debug|x86.ActiveCfg = Debug|Any CPU
		{9192A57C-F3AA-43E9-AE00-CF9B95244DAA}.Debug|x86.Build.0 = Debug|Any CPU
		{9192A57C-F3AA-43E9-AE00-CF9B95244DAA}.Release|Any CPU.ActiveCfg = Release|Any CPU
		{9192A57C-F3AA-43E9-AE00-CF9B95244DAA}.Release|Any CPU.Build.0 = Release|Any CPU
		{9192A57C-F3AA-43E9-AE00-CF9B95244DAA}.Release|x64.ActiveCfg = Release|Any CPU
		{9192A57C-F3AA-43E9-AE00-CF9B95244DAA}.Release|x64.Build.0 = Release|Any CPU
		{9192A57C-F3AA-43E9-AE00-CF9B95244DAA}.Release|x86.ActiveCfg = Release|Any CPU
		{9192A57C-F3AA-43E9-AE00-CF9B95244DAA}.Release|x86.Build.0 = Release|Any CPU
		{5594EEED-5508-4DB6-9E41-5B7C38BD911E}.Debug|Any CPU.ActiveCfg = Debug|Win32
		{5594EEED-5508-4DB6-9E41-5B7C38BD911E}.Debug|x64.ActiveCfg = Debug|x64
		{5594EEED-5508-4DB6-9E41-5B7C38BD911E}.Debug|x64.Build.0 = Debug|x64
		{5594EEED-5508-4DB6-9E41-5B7C38BD911E}.Debug|x86.ActiveCfg = Debug|Win32
		{5594EEED-5508-4DB6-9E41-5B7C38BD911E}.Debug|x86.Build.0 = Debug|Win32
		{5594EEED-5508-4DB6-9E41-5B7C38BD911E}.Release|Any CPU.ActiveCfg = Release|Win32
		{5594EEED-5508-4DB6-9E41-5B7C38BD911E}.Release|x64.ActiveCfg = Release|x64
		{5594EEED-5508-4DB6-9E41-5B7C38BD911E}.Release|x64.Build.0 = Release|x64
		{5594EEED-5508-4DB6-9E41-5B7C38BD911E}.Release|x86.ActiveCfg = Release|Win32
		{5594EEED-5508-4DB6-9E41-5B7C38BD911E}.Release|x86.Build.0 = Release|Win32
	EndGlobalSection
	GlobalSection(SolutionProperties) = preSolution
		HideSolutionNode = FALSE
	EndGlobalSection
	GlobalSection(ExtensibilityGlobals) = postSolution
		SolutionGuid = {A5FB226A-D8DE-4434-8716-F3A7CD65A158}
	EndGlobalSection
EndGlobal
